
Microsoft Visual Studio Solution File, Format Version 12.00
# Visual Studio 2012
Project("{FAE04EC0-301F-11D3-BF4B-00C04F79EFBC}") = "ILikeTunes", "ILikeTunes\ILikeTunes.csproj", "{BFE9E91A-B997-4A8C-A7CE-6ED3CA75C245}"
EndProject
Project("{2150E333-8FDC-42A3-9474-1A3956D46DE8}") = "WinRT", "WinRT", "{B2CE5309-98C8-4B24-83BE-91680D3EC8E9}"
EndProject
Project("{FAE04EC0-301F-11D3-BF4B-00C04F79EFBC}") = "ILikeTunes", "WinRT\ILikeTunes\ILikeTunes.csproj", "{6BB4A0DC-5C3C-46EC-B113-A26D2C05361E}"
EndProject
Global
	GlobalSection(SolutionConfigurationPlatforms) = preSolution
		Debug|Any CPU = Debug|Any CPU
		Debug|ARM = Debug|ARM
		Debug|x64 = Debug|x64
		Debug|x86 = Debug|x86
		Release|Any CPU = Release|Any CPU
		Release|ARM = Release|ARM
		Release|x64 = Release|x64
		Release|x86 = Release|x86
	EndGlobalSection
	GlobalSection(ProjectConfigurationPlatforms) = postSolution
		{BFE9E91A-B997-4A8C-A7CE-6ED3CA75C245}.Debug|Any CPU.ActiveCfg = Debug|Any CPU
		{BFE9E91A-B997-4A8C-A7CE-6ED3CA75C245}.Debug|Any CPU.Build.0 = Debug|Any CPU
		{BFE9E91A-B997-4A8C-A7CE-6ED3CA75C245}.Debug|Any CPU.Deploy.0 = Debug|Any CPU
		{BFE9E91A-B997-4A8C-A7CE-6ED3CA75C245}.Debug|ARM.ActiveCfg = Debug|ARM
		{BFE9E91A-B997-4A8C-A7CE-6ED3CA75C245}.Debug|ARM.Build.0 = Debug|ARM
		{BFE9E91A-B997-4A8C-A7CE-6ED3CA75C245}.Debug|ARM.Deploy.0 = Debug|ARM
		{BFE9E91A-B997-4A8C-A7CE-6ED3CA75C245}.Debug|x64.ActiveCfg = Debug|Any CPU
		{BFE9E91A-B997-4A8C-A7CE-6ED3CA75C245}.Debug|x86.ActiveCfg = Debug|x86
		{BFE9E91A-B997-4A8C-A7CE-6ED3CA75C245}.Debug|x86.Build.0 = Debug|x86
		{BFE9E91A-B997-4A8C-A7CE-6ED3CA75C245}.Debug|x86.Deploy.0 = Debug|x86
		{BFE9E91A-B997-4A8C-A7CE-6ED3CA75C245}.Release|Any CPU.ActiveCfg = Release|Any CPU
		{BFE9E91A-B997-4A8C-A7CE-6ED3CA75C245}.Release|Any CPU.Build.0 = Release|Any CPU
		{BFE9E91A-B997-4A8C-A7CE-6ED3CA75C245}.Release|Any CPU.Deploy.0 = Release|Any CPU
		{BFE9E91A-B997-4A8C-A7CE-6ED3CA75C245}.Release|ARM.ActiveCfg = Release|ARM
		{BFE9E91A-B997-4A8C-A7CE-6ED3CA75C245}.Release|ARM.Build.0 = Release|ARM
		{BFE9E91A-B997-4A8C-A7CE-6ED3CA75C245}.Release|ARM.Deploy.0 = Release|ARM
		{BFE9E91A-B997-4A8C-A7CE-6ED3CA75C245}.Release|x64.ActiveCfg = Release|Any CPU
		{BFE9E91A-B997-4A8C-A7CE-6ED3CA75C245}.Release|x86.ActiveCfg = Release|x86
		{BFE9E91A-B997-4A8C-A7CE-6ED3CA75C245}.Release|x86.Build.0 = Release|x86
		{BFE9E91A-B997-4A8C-A7CE-6ED3CA75C245}.Release|x86.Deploy.0 = Release|x86
		{6BB4A0DC-5C3C-46EC-B113-A26D2C05361E}.Debug|Any CPU.ActiveCfg = Debug|Any CPU
		{6BB4A0DC-5C3C-46EC-B113-A26D2C05361E}.Debug|Any CPU.Build.0 = Debug|Any CPU
		{6BB4A0DC-5C3C-46EC-B113-A26D2C05361E}.Debug|Any CPU.Deploy.0 = Debug|Any CPU
		{6BB4A0DC-5C3C-46EC-B113-A26D2C05361E}.Debug|ARM.ActiveCfg = Debug|ARM
		{6BB4A0DC-5C3C-46EC-B113-A26D2C05361E}.Debug|ARM.Build.0 = Debug|ARM
		{6BB4A0DC-5C3C-46EC-B113-A26D2C05361E}.Debug|ARM.Deploy.0 = Debug|ARM
		{6BB4A0DC-5C3C-46EC-B113-A26D2C05361E}.Debug|x64.ActiveCfg = Debug|x64
		{6BB4A0DC-5C3C-46EC-B113-A26D2C05361E}.Debug|x64.Build.0 = Debug|x64
		{6BB4A0DC-5C3C-46EC-B113-A26D2C05361E}.Debug|x64.Deploy.0 = Debug|x64
		{6BB4A0DC-5C3C-46EC-B113-A26D2C05361E}.Debug|x86.ActiveCfg = Debug|x86
		{6BB4A0DC-5C3C-46EC-B113-A26D2C05361E}.Debug|x86.Build.0 = Debug|x86
		{6BB4A0DC-5C3C-46EC-B113-A26D2C05361E}.Debug|x86.Deploy.0 = Debug|x86
		{6BB4A0DC-5C3C-46EC-B113-A26D2C05361E}.Release|Any CPU.ActiveCfg = Release|Any CPU
		{6BB4A0DC-5C3C-46EC-B113-A26D2C05361E}.Release|Any CPU.Build.0 = Release|Any CPU
		{6BB4A0DC-5C3C-46EC-B113-A26D2C05361E}.Release|Any CPU.Deploy.0 = Release|Any CPU
		{6BB4A0DC-5C3C-46EC-B113-A26D2C05361E}.Release|ARM.ActiveCfg = Release|ARM
		{6BB4A0DC-5C3C-46EC-B113-A26D2C05361E}.Release|ARM.Build.0 = Release|ARM
		{6BB4A0DC-5C3C-46EC-B113-A26D2C05361E}.Release|ARM.Deploy.0 = Release|ARM
		{6BB4A0DC-5C3C-46EC-B113-A26D2C05361E}.Release|x64.ActiveCfg = Release|x64
		{6BB4A0DC-5C3C-46EC-B113-A26D2C05361E}.Release|x64.Build.0 = Release|x64
		{6BB4A0DC-5C3C-46EC-B113-A26D2C05361E}.Release|x64.Deploy.0 = Release|x64
		{6BB4A0DC-5C3C-46EC-B113-A26D2C05361E}.Release|x86.ActiveCfg = Release|x86
		{6BB4A0DC-5C3C-46EC-B113-A26D2C05361E}.Release|x86.Build.0 = Release|x86
		{6BB4A0DC-5C3C-46EC-B113-A26D2C05361E}.Release|x86.Deploy.0 = Release|x86
	EndGlobalSection
	GlobalSection(SolutionProperties) = preSolution
		HideSolutionNode = FALSE
	EndGlobalSection
	GlobalSection(NestedProjects) = preSolution
		{6BB4A0DC-5C3C-46EC-B113-A26D2C05361E} = {B2CE5309-98C8-4B24-83BE-91680D3EC8E9}
	EndGlobalSection
EndGlobal
